{
  "requires": true,
  "lockfileVersion": 1,
  "dependencies": {
    "applicationinsights-js": {
      "version": "1.0.20",
      "resolved": "https://registry.npmjs.org/applicationinsights-js/-/applicationinsights-js-1.0.20.tgz",
      "integrity": "sha512-vN6fEv2fNPZtw76/mv5OJ44cTP/VzSDahdXVIGnRB5Apnf2/9PIl4IyWpwS9biG53I1sWvkw83RjdrAnsIKoRQ=="
    }
  }
}
